
Microsoft Visual Studio Solution File, Format Version 12.00
# Visual Studio 15
VisualStudioVersion = 15.0.27130.2003
MinimumVisualStudioVersion = 10.0.40219.1
Project("{FAE04EC0-301F-11D3-BF4B-00C04F79EFBC}") = "ThmCalculator", "ThmCalculator\ThmCalculator.csproj", "{C8639FFB-76B8-4AC6-BA3E-C5E4B7C15764}"
EndProject
Global
	GlobalSection(SolutionConfigurationPlatforms) = preSolution
		Debug|Any CPU = Debug|Any CPU
		Release|Any CPU = Release|Any CPU
	EndGlobalSection
	GlobalSection(ProjectConfigurationPlatforms) = postSolution
		{C8639FFB-76B8-4AC6-BA3E-C5E4B7C15764}.Debug|Any CPU.ActiveCfg = Debug|Any CPU
		{C8639FFB-76B8-4AC6-BA3E-C5E4B7C15764}.Debug|Any CPU.Build.0 = Debug|Any CPU
		{C8639FFB-76B8-4AC6-BA3E-C5E4B7C15764}.Release|Any CPU.ActiveCfg = Release|Any CPU
		{C8639FFB-76B8-4AC6-BA3E-C5E4B7C15764}.Release|Any CPU.Build.0 = Release|Any CPU
	EndGlobalSection
	GlobalSection(SolutionProperties) = preSolution
		HideSolutionNode = FALSE
	EndGlobalSection
	GlobalSection(ExtensibilityGlobals) = postSolution
		SolutionGuid = {EF82D1F9-61F1-4A63-A4C2-20055075E108}
	EndGlobalSection
EndGlobal
